{
  "nodes": {
    "agentgraph": {
      "inputs": {
        "nixpkgs": [
          "nixpkgs"
        ],
        "pi-lsp-extension-src": "pi-lsp-extension-src"
      },
      "locked": {
        "lastModified": 1779591174,
        "narHash": "sha256-0E7Q3lN4+y9qv9eUvc0o6AFoR6Ccq9gb/rExm0kUmbs=",
        "ref": "refs/heads/master",
        "rev": "f1e2c243964ff6e962d1319d0f49199ca16d558e",
        "revCount": 311,
        "type": "git",
        "url": "ssh://git@github.com/BeaudanBrown/agentgraph.git"
      },
      "original": {
        "type": "git",
        "url": "ssh://git@github.com/BeaudanBrown/agentgraph.git"
      }
    },
    "blueprint": {
      "inputs": {
        "nixpkgs": [
          "nix-ai-tools",
          "nixpkgs"
        ],
        "systems": [
          "nix-ai-tools",
          "systems"
        ]
      },
      "locked": {
        "lastModified": 1776249299,
        "narHash": "sha256-Dt9t1TGRmJFc0xVYhttNBD6QsAgHOHCArqGa0AyjrJY=",
        "owner": "numtide",
        "repo": "blueprint",
        "rev": "56131e8628f173d24a27f6d27c0215eff57e40dd",
        "type": "github"
      },
      "original": {
        "owner": "numtide",
        "repo": "blueprint",
        "type": "github"
      }
    },
    "bun2nix": {
      "inputs": {
        "flake-parts": [
          "nix-ai-tools",
          "flake-parts"
        ],
        "nixpkgs": [
          "nix-ai-tools",
          "nixpkgs"
        ],
        "systems": [
          "nix-ai-tools",
          "systems"
        ],
        "treefmt-nix": [
          "nix-ai-tools",
          "treefmt-nix"
        ]
      },
      "locked": {
        "lastModified": 1778445566,
        "narHash": "sha256-oQvcadh2BCkrog+SGrG6YffKJrveYpjj3TdQJWaKhaM=",
        "type": "tarball",
        "url": "https://codeload.github.com/nix-community/bun2nix/tar.gz/2499dedd70744dba1815875b854818a3019e9e4c"
      },
      "original": {
        "type": "tarball",
        "url": "https://codeload.github.com/nix-community/bun2nix/tar.gz/2499dedd70744dba1815875b854818a3019e9e4c"
      }
    },
    "flake-parts": {
      "inputs": {
        "nixpkgs-lib": [
          "nix-ai-tools",
          "nixpkgs"
        ]
      },
      "locked": {
        "lastModified": 1778716662,
        "narHash": "sha256-m1Yf0wZ8j1OHjTc2UwHwyQRSnNeSgLJOd7q5Y45hzi4=",
        "owner": "hercules-ci",
        "repo": "flake-parts",
        "rev": "f7c1a2d347e4c52d5fb8d10cb4d94b5884e546fb",
        "type": "github"
      },
      "original": {
        "owner": "hercules-ci",
        "repo": "flake-parts",
        "type": "github"
      }
    },
    "flake-utils": {
      "inputs": {
        "systems": "systems"
      },
      "locked": {
        "lastModified": 1731533236,
        "narHash": "sha256-l0KFg5HjrsfsO/JpG+r7fRrqm12kzFHyUHqHCVpMMbI=",
        "owner": "numtide",
        "repo": "flake-utils",
        "rev": "11707dc2f618dd54ca8739b309ec4fc024de578b",
        "type": "github"
      },
      "original": {
        "owner": "numtide",
        "repo": "flake-utils",
        "type": "github"
      }
    },
    "mattpocock-skills-src": {
      "flake": false,
      "locked": {
        "lastModified": 1783689299,
        "narHash": "sha256-gFPkjrujFAoNXYa0ariPKTj/xBoiCTLUo3X20qrTzRE=",
        "owner": "mattpocock",
        "repo": "skills",
        "rev": "391a2701dd948f94f56a39f7533f8eea9a859c87",
        "type": "github"
      },
      "original": {
        "owner": "mattpocock",
        "repo": "skills",
        "rev": "391a2701dd948f94f56a39f7533f8eea9a859c87",
        "type": "github"
      }
    },
    "nix-ai-tools": {
      "inputs": {
        "blueprint": "blueprint",
        "bun2nix": "bun2nix",
        "flake-parts": "flake-parts",
        "nixpkgs": "nixpkgs",
        "systems": "systems_2",
        "treefmt-nix": "treefmt-nix"
      },
      "locked": {
        "lastModified": 1778806851,
        "narHash": "sha256-TIS/+jeQWp0X7KGxWz/5npIB+ctXvM+FzY4xL2sQzbA=",
        "owner": "numtide",
        "repo": "llm-agents.nix",
        "rev": "7d85c7f7372d4ca6ca50371282da73ab74a43b96",
        "type": "github"
      },
      "original": {
        "owner": "numtide",
        "repo": "llm-agents.nix",
        "type": "github"
      }
    },
    "nixpkgs": {
      "locked": {
        "lastModified": 1778672786,
        "narHash": "sha256-Blg88K1jwG+P0Mr27+rKMFCufdrWkV3wWh9AdYtz0FQ=",
        "owner": "NixOS",
        "repo": "nixpkgs",
        "rev": "eef00dfd8a712b34af845f9350bac681b1228bd1",
        "type": "github"
      },
      "original": {
        "owner": "NixOS",
        "ref": "nixpkgs-unstable",
        "repo": "nixpkgs",
        "type": "github"
      }
    },
    "nixpkgs_2": {
      "locked": {
        "lastModified": 1774709303,
        "narHash": "sha256-D3Q07BbIA2KnTcSXIqqu9P586uWxN74zNoCH3h2ESHg=",
        "owner": "NixOS",
        "repo": "nixpkgs",
        "rev": "8110df5ad7abf5d4c0f6fb0f8f978390e77f9685",
        "type": "github"
      },
      "original": {
        "owner": "NixOS",
        "ref": "nixos-unstable",
        "repo": "nixpkgs",
        "type": "github"
      }
    },
    "nixpkgs_3": {
      "locked": {
        "lastModified": 1787498568,
        "narHash": "sha256-9i/VTdusq/+NM/tz+J1Re+ojkMB8MBf0QshnYfzHz30=",
        "owner": "NixOS",
        "repo": "nixpkgs",
        "rev": "56c02bc00adcf003215cc4bd996d6efaf4cff188",
        "type": "github"
      },
      "original": {
        "owner": "NixOS",
        "ref": "nixos-unstable",
        "repo": "nixpkgs",
        "type": "github"
      }
    },
    "pi-lsp-extension-src": {
      "flake": false,
      "locked": {
        "lastModified": 1778770914,
        "narHash": "sha256-kkMfO+GJdLOwX6o8tCSMaFaWmk3zl10EdarO+M4TTN4=",
        "owner": "samfoy",
        "repo": "pi-lsp-extension",
        "rev": "73251632ad116c973844cc28fb1210417295c6fe",
        "type": "github"
      },
      "original": {
        "owner": "samfoy",
        "repo": "pi-lsp-extension",
        "rev": "73251632ad116c973844cc28fb1210417295c6fe",
        "type": "github"
      }
    },
    "pi-lsp-extension-src_2": {
      "flake": false,
      "locked": {
        "lastModified": 1778770914,
        "narHash": "sha256-kkMfO+GJdLOwX6o8tCSMaFaWmk3zl10EdarO+M4TTN4=",
        "owner": "samfoy",
        "repo": "pi-lsp-extension",
        "rev": "73251632ad116c973844cc28fb1210417295c6fe",
        "type": "github"
      },
      "original": {
        "owner": "samfoy",
        "repo": "pi-lsp-extension",
        "rev": "73251632ad116c973844cc28fb1210417295c6fe",
        "type": "github"
      }
    },
    "pi-r": {
      "inputs": {
        "nixpkgs": "nixpkgs_3"
      },
      "locked": {
        "lastModified": 1787881078,
        "narHash": "sha256-AWC4swmKKoeuK77RZV8VoDlbufSb4h2MpadCh2ATaVA=",
        "owner": "BeaudanBrown",
        "repo": "pi-r",
        "rev": "8bea2f888f00c6ef0dc074bbf35c57ac3e2a6df9",
        "type": "github"
      },
      "original": {
        "owner": "BeaudanBrown",
        "repo": "pi-r",
        "type": "github"
      }
    },
    "root": {
      "inputs": {
        "agentgraph": "agentgraph",
        "flake-utils": "flake-utils",
        "mattpocock-skills-src": "mattpocock-skills-src",
        "nix-ai-tools": "nix-ai-tools",
        "nixpkgs": "nixpkgs_2",
        "pi-lsp-extension-src": "pi-lsp-extension-src_2",
        "pi-r": "pi-r"
      }
    },
    "systems": {
      "locked": {
        "lastModified": 1681028828,
        "narHash": "sha256-Vy1rq5AaRuLzOxct8nz4T6wlgyUR7zLU309k9mBC768=",
        "owner": "nix-systems",
        "repo": "default",
        "rev": "da67096a3b9bf56a91d16901293e51ba5b49a27e",
        "type": "github"
      },
      "original": {
        "owner": "nix-systems",
        "repo": "default",
        "type": "github"
      }
    },
    "systems_2": {
      "locked": {
        "lastModified": 1681028828,
        "narHash": "sha256-Vy1rq5AaRuLzOxct8nz4T6wlgyUR7zLU309k9mBC768=",
        "owner": "nix-systems",
        "repo": "default",
        "rev": "da67096a3b9bf56a91d16901293e51ba5b49a27e",
        "type": "github"
      },
      "original": {
        "owner": "nix-systems",
        "repo": "default",
        "type": "github"
      }
    },
    "treefmt-nix": {
      "inputs": {
        "nixpkgs": [
          "nix-ai-tools",
          "nixpkgs"
        ]
      },
      "locked": {
        "lastModified": 1775636079,
        "narHash": "sha256-pc20NRoMdiar8oPQceQT47UUZMBTiMdUuWrYu2obUP0=",
        "owner": "numtide",
        "repo": "treefmt-nix",
        "rev": "790751ff7fd3801feeaf96d7dc416a8d581265ba",
        "type": "github"
      },
      "original": {
        "owner": "numtide",
        "repo": "treefmt-nix",
        "type": "github"
      }
    }
  },
  "root": "root",
  "version": 7
}
